// !$*UTF8*$!
{
	archiveVersion = 1;
	classes = {
	};
	objectVersion = 56;
	objects = {

/* Begin PBXBuildFile section */
		B6A699D629B9FDB9009EB1E2 /* RxMoya in Frameworks */ = {isa = PBXBuildFile; productRef = B6A699D529B9FDB9009EB1E2 /* RxMoya */; };
		B6A699DF29BA1DDD009EB1E2 /* HomeResponse.swift in Sources */ = {isa = PBXBuildFile; fileRef = B6A699DE29BA1DDD009EB1E2 /* HomeResponse.swift */; };
		B6A699E229BA1DF2009EB1E2 /* GoodsListResponse.swift in Sources */ = {isa = PBXBuildFile; fileRef = B6A699E129BA1DF2009EB1E2 /* GoodsListResponse.swift */; };
		B6A699E429BABA41009EB1E2 /* ResponseType.swift in Sources */ = {isa = PBXBuildFile; fileRef = B6A699E329BABA41009EB1E2 /* ResponseType.swift */; };
		B6A699E729BABA65009EB1E2 /* MoyaProviderType+Extension.swift in Sources */ = {isa = PBXBuildFile; fileRef = B6A699E629BABA65009EB1E2 /* MoyaProviderType+Extension.swift */; };
		B6B5D86629B7835600BD7005 /* UINavigationBar+Extension.swift in Sources */ = {isa = PBXBuildFile; fileRef = B6B5D86529B7835600BD7005 /* UINavigationBar+Extension.swift */; };
		B6B5D86829B7839600BD7005 /* UITabBar+Extension.swift in Sources */ = {isa = PBXBuildFile; fileRef = B6B5D86729B7839600BD7005 /* UITabBar+Extension.swift */; };
		B6B5D86E29B786F100BD7005 /* BannerView.swift in Sources */ = {isa = PBXBuildFile; fileRef = B6B5D86D29B786F100BD7005 /* BannerView.swift */; };
		B6B5D87129B7870B00BD7005 /* BannerViewModel.swift in Sources */ = {isa = PBXBuildFile; fileRef = B6B5D87029B7870B00BD7005 /* BannerViewModel.swift */; };
		B6B5D87329B8050800BD7005 /* BannerViewCell.swift in Sources */ = {isa = PBXBuildFile; fileRef = B6B5D87229B8050800BD7005 /* BannerViewCell.swift */; };
		B6B5D87829B87A2200BD7005 /* Banner.swift in Sources */ = {isa = PBXBuildFile; fileRef = B6B5D87729B87A2200BD7005 /* Banner.swift */; };
		B6B5D88329B891FA00BD7005 /* HomeViewController.swift in Sources */ = {isa = PBXBuildFile; fileRef = B6B5D88129B891FA00BD7005 /* HomeViewController.swift */; };
		B6B5D88429B891FA00BD7005 /* HomeViewModel.swift in Sources */ = {isa = PBXBuildFile; fileRef = B6B5D88229B891FA00BD7005 /* HomeViewModel.swift */; };
		B6B5D88829B892E700BD7005 /* RxDataSources in Frameworks */ = {isa = PBXBuildFile; productRef = B6B5D88729B892E700BD7005 /* RxDataSources */; };
		B6B5D88B29B893E800BD7005 /* GoodsCell.swift in Sources */ = {isa = PBXBuildFile; fileRef = B6B5D88A29B893E800BD7005 /* GoodsCell.swift */; };
		B6B5D88D29B893F600BD7005 /* GoodsCellViewModel.swift in Sources */ = {isa = PBXBuildFile; fileRef = B6B5D88C29B893F600BD7005 /* GoodsCellViewModel.swift */; };
		B6B5D88F29B894F500BD7005 /* HomeBannerCell.swift in Sources */ = {isa = PBXBuildFile; fileRef = B6B5D88E29B894F500BD7005 /* HomeBannerCell.swift */; };
		B6B5D89129B89BFC00BD7005 /* HomeBannerCellViewModel.swift in Sources */ = {isa = PBXBuildFile; fileRef = B6B5D89029B89BFC00BD7005 /* HomeBannerCellViewModel.swift */; };
		B6B5D89C29B8CE8B00BD7005 /* HomeItem.swift in Sources */ = {isa = PBXBuildFile; fileRef = B6B5D89B29B8CE8B00BD7005 /* HomeItem.swift */; };
		B6B5D89E29B8CEC700BD7005 /* HomeSectionModel.swift in Sources */ = {isa = PBXBuildFile; fileRef = B6B5D89D29B8CEC700BD7005 /* HomeSectionModel.swift */; };
		B6B5D8A029B8CF1900BD7005 /* Goods.swift in Sources */ = {isa = PBXBuildFile; fileRef = B6B5D89F29B8CF1900BD7005 /* Goods.swift */; };
		B6E80EB829B994EA00221E3C /* FavoriteViewController.swift in Sources */ = {isa = PBXBuildFile; fileRef = B6E80EB629B994EA00221E3C /* FavoriteViewController.swift */; };
		B6E80EB929B994EA00221E3C /* FavoriteViewModel.swift in Sources */ = {isa = PBXBuildFile; fileRef = B6E80EB729B994EA00221E3C /* FavoriteViewModel.swift */; };
		B6E80EBB29B997E200221E3C /* UICollectionReusableView+Extension.swift in Sources */ = {isa = PBXBuildFile; fileRef = B6E80EBA29B997E200221E3C /* UICollectionReusableView+Extension.swift */; };
		B6E80EBE29B997EE00221E3C /* UICollectionView+Extension.swift in Sources */ = {isa = PBXBuildFile; fileRef = B6E80EBD29B997EE00221E3C /* UICollectionView+Extension.swift */; };
		B6E80EC129B9B5FE00221E3C /* FavoriteGoodsManager.swift in Sources */ = {isa = PBXBuildFile; fileRef = B6E80EC029B9B5FE00221E3C /* FavoriteGoodsManager.swift */; };
		B6E80EC529B9B6C100221E3C /* RealmSwift in Frameworks */ = {isa = PBXBuildFile; productRef = B6E80EC429B9B6C100221E3C /* RealmSwift */; };
		B6E80ECB29B9EEEC00221E3C /* GoodsRealmObject.swift in Sources */ = {isa = PBXBuildFile; fileRef = B6E80ECA29B9EEEC00221E3C /* GoodsRealmObject.swift */; };
		B6E80ECE29B9F7A400221E3C /* HomeAPI.swift in Sources */ = {isa = PBXBuildFile; fileRef = B6E80ECD29B9F7A400221E3C /* HomeAPI.swift */; };
		B6F5C1AF29B5AE010002A966 /* AppDelegate.swift in Sources */ = {isa = PBXBuildFile; fileRef = B6F5C1AE29B5AE010002A966 /* AppDelegate.swift */; };
		B6F5C1B129B5AE010002A966 /* SceneDelegate.swift in Sources */ = {isa = PBXBuildFile; fileRef = B6F5C1B029B5AE010002A966 /* SceneDelegate.swift */; };
		B6F5C1B829B5AE020002A966 /* Assets.xcassets in Resources */ = {isa = PBXBuildFile; fileRef = B6F5C1B729B5AE020002A966 /* Assets.xcassets */; };
		B6F5C1BB29B5AE020002A966 /* LaunchScreen.storyboard in Resources */ = {isa = PBXBuildFile; fileRef = B6F5C1B929B5AE020002A966 /* LaunchScreen.storyboard */; };
		B6F5C1C629B5AE020002A966 /* TestProjectTests.swift in Sources */ = {isa = PBXBuildFile; fileRef = B6F5C1C529B5AE020002A966 /* TestProjectTests.swift */; };
		B6F5C1D029B5AE020002A966 /* TestProjectUITests.swift in Sources */ = {isa = PBXBuildFile; fileRef = B6F5C1CF29B5AE020002A966 /* TestProjectUITests.swift */; };
		B6F5C1D229B5AE020002A966 /* TestProjectUITestsLaunchTests.swift in Sources */ = {isa = PBXBuildFile; fileRef = B6F5C1D129B5AE020002A966 /* TestProjectUITestsLaunchTests.swift */; };
		B6F5C1F229B6DFE80002A966 /* Moya in Frameworks */ = {isa = PBXBuildFile; productRef = B6F5C1F129B6DFE80002A966 /* Moya */; };
		B6F5C1F529B6DFF90002A966 /* RxSwift in Frameworks */ = {isa = PBXBuildFile; productRef = B6F5C1F429B6DFF90002A966 /* RxSwift */; };
		B6F5C1F829B6E00C0002A966 /* SDWebImage in Frameworks */ = {isa = PBXBuildFile; productRef = B6F5C1F729B6E00C0002A966 /* SDWebImage */; };
		B6F5C1FE29B6E18A0002A966 /* RswiftLibrary in Frameworks */ = {isa = PBXBuildFile; productRef = B6F5C1FD29B6E18A0002A966 /* RswiftLibrary */; };
		B6F5C20829B6E2F80002A966 /* SnapKit in Frameworks */ = {isa = PBXBuildFile; productRef = B6F5C20729B6E2F80002A966 /* SnapKit */; };
		B6F5C20C29B6E3090002A966 /* Then in Frameworks */ = {isa = PBXBuildFile; productRef = B6F5C20B29B6E3090002A966 /* Then */; };
		B6F5C21229B6E4240002A966 /* Colors.xcassets in Resources */ = {isa = PBXBuildFile; fileRef = B6F5C21129B6E4240002A966 /* Colors.xcassets */; };
		B6F5C21629B6E6700002A966 /* Icons.xcassets in Resources */ = {isa = PBXBuildFile; fileRef = B6F5C21529B6E6700002A966 /* Icons.xcassets */; };
		B6F5C21E29B6FF550002A966 /* MainTabViewController.swift in Sources */ = {isa = PBXBuildFile; fileRef = B6F5C21C29B6FF550002A966 /* MainTabViewController.swift */; };
		B6F5C21F29B6FF550002A966 /* MainTabViewModel.swift in Sources */ = {isa = PBXBuildFile; fileRef = B6F5C21D29B6FF550002A966 /* MainTabViewModel.swift */; };
		B6F5C22229B6FF6D0002A966 /* ViewModel.swift in Sources */ = {isa = PBXBuildFile; fileRef = B6F5C22129B6FF6D0002A966 /* ViewModel.swift */; };
		B6F5C22729B718A00002A966 /* RxCocoa in Frameworks */ = {isa = PBXBuildFile; productRef = B6F5C22629B718A00002A966 /* RxCocoa */; };
		B6F5C22B29B71A0A0002A966 /* TabModel.swift in Sources */ = {isa = PBXBuildFile; fileRef = B6F5C22A29B71A0A0002A966 /* TabModel.swift */; };
		B6F5C23C29B75A3C0002A966 /* RxOptional in Frameworks */ = {isa = PBXBuildFile; productRef = B6F5C23B29B75A3C0002A966 /* RxOptional */; };
/* End PBXBuildFile section */

/* Begin PBXContainerItemProxy section */
		B6F5C1C229B5AE020002A966 /* PBXContainerItemProxy */ = {
			isa = PBXContainerItemProxy;
			containerPortal = B6F5C1A329B5AE010002A966 /* Project object */;
			proxyType = 1;
			remoteGlobalIDString = B6F5C1AA29B5AE010002A966;
			remoteInfo = TestProject;
		};
		B6F5C1CC29B5AE020002A966 /* PBXContainerItemProxy */ = {
			isa = PBXContainerItemProxy;
			containerPortal = B6F5C1A329B5AE010002A966 /* Project object */;
			proxyType = 1;
			remoteGlobalIDString = B6F5C1AA29B5AE010002A966;
			remoteInfo = TestProject;
		};
/* End PBXContainerItemProxy section */

/* Begin PBXFileReference section */
		B6A699DE29BA1DDD009EB1E2 /* HomeResponse.swift */ = {isa = PBXFileReference; lastKnownFileType = sourcecode.swift; path = HomeResponse.swift; sourceTree = "<group>"; };
		B6A699E129BA1DF2009EB1E2 /* GoodsListResponse.swift */ = {isa = PBXFileReference; lastKnownFileType = sourcecode.swift; path = GoodsListResponse.swift; sourceTree = "<group>"; };
		B6A699E329BABA41009EB1E2 /* ResponseType.swift */ = {isa = PBXFileReference; lastKnownFileType = sourcecode.swift; path = ResponseType.swift; sourceTree = "<group>"; };
		B6A699E629BABA65009EB1E2 /* MoyaProviderType+Extension.swift */ = {isa = PBXFileReference; lastKnownFileType = sourcecode.swift; path = "MoyaProviderType+Extension.swift"; sourceTree = "<group>"; };
		B6B5D86529B7835600BD7005 /* UINavigationBar+Extension.swift */ = {isa = PBXFileReference; lastKnownFileType = sourcecode.swift; path = "UINavigationBar+Extension.swift"; sourceTree = "<group>"; };
		B6B5D86729B7839600BD7005 /* UITabBar+Extension.swift */ = {isa = PBXFileReference; lastKnownFileType = sourcecode.swift; path = "UITabBar+Extension.swift"; sourceTree = "<group>"; };
		B6B5D86D29B786F100BD7005 /* BannerView.swift */ = {isa = PBXFileReference; lastKnownFileType = sourcecode.swift; path = BannerView.swift; sourceTree = "<group>"; };
		B6B5D87029B7870B00BD7005 /* BannerViewModel.swift */ = {isa = PBXFileReference; lastKnownFileType = sourcecode.swift; path = BannerViewModel.swift; sourceTree = "<group>"; };
		B6B5D87229B8050800BD7005 /* BannerViewCell.swift */ = {isa = PBXFileReference; lastKnownFileType = sourcecode.swift; path = BannerViewCell.swift; sourceTree = "<group>"; };
		B6B5D87729B87A2200BD7005 /* Banner.swift */ = {isa = PBXFileReference; lastKnownFileType = sourcecode.swift; path = Banner.swift; sourceTree = "<group>"; };
		B6B5D88129B891FA00BD7005 /* HomeViewController.swift */ = {isa = PBXFileReference; lastKnownFileType = sourcecode.swift; path = HomeViewController.swift; sourceTree = "<group>"; };
		B6B5D88229B891FA00BD7005 /* HomeViewModel.swift */ = {isa = PBXFileReference; lastKnownFileType = sourcecode.swift; path = HomeViewModel.swift; sourceTree = "<group>"; };
		B6B5D88A29B893E800BD7005 /* GoodsCell.swift */ = {isa = PBXFileReference; lastKnownFileType = sourcecode.swift; path = GoodsCell.swift; sourceTree = "<group>"; };
		B6B5D88C29B893F600BD7005 /* GoodsCellViewModel.swift */ = {isa = PBXFileReference; lastKnownFileType = sourcecode.swift; path = GoodsCellViewModel.swift; sourceTree = "<group>"; };
		B6B5D88E29B894F500BD7005 /* HomeBannerCell.swift */ = {isa = PBXFileReference; lastKnownFileType = sourcecode.swift; path = HomeBannerCell.swift; sourceTree = "<group>"; };
		B6B5D89029B89BFC00BD7005 /* HomeBannerCellViewModel.swift */ = {isa = PBXFileReference; lastKnownFileType = sourcecode.swift; path = HomeBannerCellViewModel.swift; sourceTree = "<group>"; };
		B6B5D89B29B8CE8B00BD7005 /* HomeItem.swift */ = {isa = PBXFileReference; lastKnownFileType = sourcecode.swift; path = HomeItem.swift; sourceTree = "<group>"; };
		B6B5D89D29B8CEC700BD7005 /* HomeSectionModel.swift */ = {isa = PBXFileReference; lastKnownFileType = sourcecode.swift; path = HomeSectionModel.swift; sourceTree = "<group>"; };
		B6B5D89F29B8CF1900BD7005 /* Goods.swift */ = {isa = PBXFileReference; lastKnownFileType = sourcecode.swift; path = Goods.swift; sourceTree = "<group>"; };
		B6E80EB629B994EA00221E3C /* FavoriteViewController.swift */ = {isa = PBXFileReference; lastKnownFileType = sourcecode.swift; path = FavoriteViewController.swift; sourceTree = "<group>"; };
		B6E80EB729B994EA00221E3C /* FavoriteViewModel.swift */ = {isa = PBXFileReference; lastKnownFileType = sourcecode.swift; path = FavoriteViewModel.swift; sourceTree = "<group>"; };
		B6E80EBA29B997E200221E3C /* UICollectionReusableView+Extension.swift */ = {isa = PBXFileReference; lastKnownFileType = sourcecode.swift; path = "UICollectionReusableView+Extension.swift"; sourceTree = "<group>"; };
		B6E80EBD29B997EE00221E3C /* UICollectionView+Extension.swift */ = {isa = PBXFileReference; lastKnownFileType = sourcecode.swift; path = "UICollectionView+Extension.swift"; sourceTree = "<group>"; };
		B6E80EC029B9B5FE00221E3C /* FavoriteGoodsManager.swift */ = {isa = PBXFileReference; lastKnownFileType = sourcecode.swift; path = FavoriteGoodsManager.swift; sourceTree = "<group>"; };
		B6E80ECA29B9EEEC00221E3C /* GoodsRealmObject.swift */ = {isa = PBXFileReference; lastKnownFileType = sourcecode.swift; path = GoodsRealmObject.swift; sourceTree = "<group>"; };
		B6E80ECD29B9F7A400221E3C /* HomeAPI.swift */ = {isa = PBXFileReference; lastKnownFileType = sourcecode.swift; path = HomeAPI.swift; sourceTree = "<group>"; };
		B6F5C1AB29B5AE010002A966 /* TestProject.app */ = {isa = PBXFileReference; explicitFileType = wrapper.application; includeInIndex = 0; path = TestProject.app; sourceTree = BUILT_PRODUCTS_DIR; };
		B6F5C1AE29B5AE010002A966 /* AppDelegate.swift */ = {isa = PBXFileReference; lastKnownFileType = sourcecode.swift; path = AppDelegate.swift; sourceTree = "<group>"; };
		B6F5C1B029B5AE010002A966 /* SceneDelegate.swift */ = {isa = PBXFileReference; lastKnownFileType = sourcecode.swift; path = SceneDelegate.swift; sourceTree = "<group>"; };
		B6F5C1B729B5AE020002A966 /* Assets.xcassets */ = {isa = PBXFileReference; lastKnownFileType = folder.assetcatalog; path = Assets.xcassets; sourceTree = "<group>"; };
		B6F5C1BA29B5AE020002A966 /* Base */ = {isa = PBXFileReference; lastKnownFileType = file.storyboard; name = Base; path = Base.lproj/LaunchScreen.storyboard; sourceTree = "<group>"; };
		B6F5C1BC29B5AE020002A966 /* Info.plist */ = {isa = PBXFileReference; lastKnownFileType = text.plist.xml; path = Info.plist; sourceTree = "<group>"; };
		B6F5C1C129B5AE020002A966 /* TestProjectTests.xctest */ = {isa = PBXFileReference; explicitFileType = wrapper.cfbundle; includeInIndex = 0; path = TestProjectTests.xctest; sourceTree = BUILT_PRODUCTS_DIR; };
		B6F5C1C529B5AE020002A966 /* TestProjectTests.swift */ = {isa = PBXFileReference; lastKnownFileType = sourcecode.swift; path = TestProjectTests.swift; sourceTree = "<group>"; };
		B6F5C1CB29B5AE020002A966 /* TestProjectUITests.xctest */ = {isa = PBXFileReference; explicitFileType = wrapper.cfbundle; includeInIndex = 0; path = TestProjectUITests.xctest; sourceTree = BUILT_PRODUCTS_DIR; };
		B6F5C1CF29B5AE020002A966 /* TestProjectUITests.swift */ = {isa = PBXFileReference; lastKnownFileType = sourcecode.swift; path = TestProjectUITests.swift; sourceTree = "<group>"; };
		B6F5C1D129B5AE020002A966 /* TestProjectUITestsLaunchTests.swift */ = {isa = PBXFileReference; lastKnownFileType = sourcecode.swift; path = TestProjectUITestsLaunchTests.swift; sourceTree = "<group>"; };
		B6F5C21129B6E4240002A966 /* Colors.xcassets */ = {isa = PBXFileReference; lastKnownFileType = folder.assetcatalog; path = Colors.xcassets; sourceTree = "<group>"; };
		B6F5C21529B6E6700002A966 /* Icons.xcassets */ = {isa = PBXFileReference; lastKnownFileType = folder.assetcatalog; path = Icons.xcassets; sourceTree = "<group>"; };
		B6F5C21C29B6FF550002A966 /* MainTabViewController.swift */ = {isa = PBXFileReference; lastKnownFileType = sourcecode.swift; path = MainTabViewController.swift; sourceTree = "<group>"; };
		B6F5C21D29B6FF550002A966 /* MainTabViewModel.swift */ = {isa = PBXFileReference; lastKnownFileType = sourcecode.swift; path = MainTabViewModel.swift; sourceTree = "<group>"; };
		B6F5C22129B6FF6D0002A966 /* ViewModel.swift */ = {isa = PBXFileReference; lastKnownFileType = sourcecode.swift; path = ViewModel.swift; sourceTree = "<group>"; };
		B6F5C22A29B71A0A0002A966 /* TabModel.swift */ = {isa = PBXFileReference; lastKnownFileType = sourcecode.swift; path = TabModel.swift; sourceTree = "<group>"; };
/* End PBXFileReference section */

/* Begin PBXFrameworksBuildPhase section */
		B6F5C1A829B5AE010002A966 /* Frameworks */ = {
			isa = PBXFrameworksBuildPhase;
			buildActionMask = 2147483647;
			files = (
				B6F5C23C29B75A3C0002A966 /* RxOptional in Frameworks */,
				B6F5C1FE29B6E18A0002A966 /* RswiftLibrary in Frameworks */,
				B6F5C1F829B6E00C0002A966 /* SDWebImage in Frameworks */,
				B6A699D629B9FDB9009EB1E2 /* RxMoya in Frameworks */,
				B6F5C20C29B6E3090002A966 /* Then in Frameworks */,
				B6F5C22729B718A00002A966 /* RxCocoa in Frameworks */,
				B6F5C20829B6E2F80002A966 /* SnapKit in Frameworks */,
				B6B5D88829B892E700BD7005 /* RxDataSources in Frameworks */,
				B6F5C1F529B6DFF90002A966 /* RxSwift in Frameworks */,
				B6E80EC529B9B6C100221E3C /* RealmSwift in Frameworks */,
				B6F5C1F229B6DFE80002A966 /* Moya in Frameworks */,
			);
			runOnlyForDeploymentPostprocessing = 0;
		};
		B6F5C1BE29B5AE020002A966 /* Frameworks */ = {
			isa = PBXFrameworksBuildPhase;
			buildActionMask = 2147483647;
			files = (
			);
			runOnlyForDeploymentPostprocessing = 0;
		};
		B6F5C1C829B5AE020002A966 /* Frameworks */ = {
			isa = PBXFrameworksBuildPhase;
			buildActionMask = 2147483647;
			files = (
			);
			runOnlyForDeploymentPostprocessing = 0;
		};
/* End PBXFrameworksBuildPhase section */

/* Begin PBXGroup section */
		B6A699DB29BA1DCA009EB1E2 /* HomeAPI */ = {
			isa = PBXGroup;
			children = (
				B6A699DD29BA1DD2009EB1E2 /* ResponseModels */,
				B6E80ECD29B9F7A400221E3C /* HomeAPI.swift */,
			);
			path = HomeAPI;
			sourceTree = "<group>";
		};
		B6A699DD29BA1DD2009EB1E2 /* ResponseModels */ = {
			isa = PBXGroup;
			children = (
				B6A699DE29BA1DDD009EB1E2 /* HomeResponse.swift */,
				B6A699E129BA1DF2009EB1E2 /* GoodsListResponse.swift */,
			);
			path = ResponseModels;
			sourceTree = "<group>";
		};
		B6B5D86429B7834000BD7005 /* Extensions */ = {
			isa = PBXGroup;
			children = (
				B6B5D86529B7835600BD7005 /* UINavigationBar+Extension.swift */,
				B6B5D86729B7839600BD7005 /* UITabBar+Extension.swift */,
				B6E80EBA29B997E200221E3C /* UICollectionReusableView+Extension.swift */,
				B6E80EBD29B997EE00221E3C /* UICollectionView+Extension.swift */,
				B6A699E629BABA65009EB1E2 /* MoyaProviderType+Extension.swift */,
			);
			path = Extensions;
			sourceTree = "<group>";
		};
		B6B5D86C29B786C400BD7005 /* Components */ = {
			isa = PBXGroup;
			children = (
				B6B5D88929B893CB00BD7005 /* GoodsCell */,
				B6B5D86F29B786FD00BD7005 /* BannerView */,
			);
			path = Components;
			sourceTree = "<group>";
		};
		B6B5D86F29B786FD00BD7005 /* BannerView */ = {
			isa = PBXGroup;
			children = (
				B6B5D87C29B87A4C00BD7005 /* Model */,
				B6B5D87B29B87A4800BD7005 /* ViewModel */,
				B6B5D87A29B87A4000BD7005 /* View */,
			);
			path = BannerView;
			sourceTree = "<group>";
		};
		B6B5D87A29B87A4000BD7005 /* View */ = {
			isa = PBXGroup;
			children = (
				B6B5D87E29B87A6600BD7005 /* Views */,
				B6B5D86D29B786F100BD7005 /* BannerView.swift */,
			);
			path = View;
			sourceTree = "<group>";
		};
		B6B5D87B29B87A4800BD7005 /* ViewModel */ = {
			isa = PBXGroup;
			children = (
				B6B5D87029B7870B00BD7005 /* BannerViewModel.swift */,
			);
			path = ViewModel;
			sourceTree = "<group>";
		};
		B6B5D87C29B87A4C00BD7005 /* Model */ = {
			isa = PBXGroup;
			children = (
				B6B5D87729B87A2200BD7005 /* Banner.swift */,
			);
			path = Model;
			sourceTree = "<group>";
		};
		B6B5D87E29B87A6600BD7005 /* Views */ = {
			isa = PBXGroup;
			children = (
				B6B5D87229B8050800BD7005 /* BannerViewCell.swift */,
			);
			path = Views;
			sourceTree = "<group>";
		};
		B6B5D87F29B891D000BD7005 /* ViewControllers */ = {
			isa = PBXGroup;
			children = (
				B6B5D88029B891EC00BD7005 /* Home */,
				B6E80EB329B994AD00221E3C /* Favorite */,
			);
			path = ViewControllers;
			sourceTree = "<group>";
		};
		B6B5D88029B891EC00BD7005 /* Home */ = {
			isa = PBXGroup;
			children = (
				B6B5D89A29B8CE7500BD7005 /* Models */,
				B6B5D89529B8CE3900BD7005 /* Views */,
				B6B5D89429B8CE3300BD7005 /* ViewModel */,
				B6B5D89329B8CE2F00BD7005 /* Controller */,
			);
			path = Home;
			sourceTree = "<group>";
		};
		B6B5D88929B893CB00BD7005 /* GoodsCell */ = {
			isa = PBXGroup;
			children = (
				B6E80EB129B96E6300221E3C /* Models */,
				B6E80EAF29B96E5900221E3C /* ViewModel */,
				B6E80EAE29B96E5100221E3C /* View */,
			);
			path = GoodsCell;
			sourceTree = "<group>";
		};
		B6B5D89329B8CE2F00BD7005 /* Controller */ = {
			isa = PBXGroup;
			children = (
				B6B5D88129B891FA00BD7005 /* HomeViewController.swift */,
			);
			path = Controller;
			sourceTree = "<group>";
		};
		B6B5D89429B8CE3300BD7005 /* ViewModel */ = {
			isa = PBXGroup;
			children = (
				B6B5D88229B891FA00BD7005 /* HomeViewModel.swift */,
			);
			path = ViewModel;
			sourceTree = "<group>";
		};
		B6B5D89529B8CE3900BD7005 /* Views */ = {
			isa = PBXGroup;
			children = (
				B6B5D89729B8CE4900BD7005 /* HomeBannerCell */,
			);
			path = Views;
			sourceTree = "<group>";
		};
		B6B5D89729B8CE4900BD7005 /* HomeBannerCell */ = {
			isa = PBXGroup;
			children = (
				B6B5D89929B8CE5F00BD7005 /* ViewModel */,
				B6B5D89829B8CE5B00BD7005 /* View */,
			);
			path = HomeBannerCell;
			sourceTree = "<group>";
		};
		B6B5D89829B8CE5B00BD7005 /* View */ = {
			isa = PBXGroup;
			children = (
				B6B5D88E29B894F500BD7005 /* HomeBannerCell.swift */,
			);
			path = View;
			sourceTree = "<group>";
		};
		B6B5D89929B8CE5F00BD7005 /* ViewModel */ = {
			isa = PBXGroup;
			children = (
				B6B5D89029B89BFC00BD7005 /* HomeBannerCellViewModel.swift */,
			);
			path = ViewModel;
			sourceTree = "<group>";
		};
		B6B5D89A29B8CE7500BD7005 /* Models */ = {
			isa = PBXGroup;
			children = (
				B6B5D89B29B8CE8B00BD7005 /* HomeItem.swift */,
				B6B5D89D29B8CEC700BD7005 /* HomeSectionModel.swift */,
			);
			path = Models;
			sourceTree = "<group>";
		};
		B6E80EAE29B96E5100221E3C /* View */ = {
			isa = PBXGroup;
			children = (
				B6B5D88A29B893E800BD7005 /* GoodsCell.swift */,
			);
			path = View;
			sourceTree = "<group>";
		};
		B6E80EAF29B96E5900221E3C /* ViewModel */ = {
			isa = PBXGroup;
			children = (
				B6B5D88C29B893F600BD7005 /* GoodsCellViewModel.swift */,
			);
			path = ViewModel;
			sourceTree = "<group>";
		};
		B6E80EB129B96E6300221E3C /* Models */ = {
			isa = PBXGroup;
			children = (
				B6B5D89F29B8CF1900BD7005 /* Goods.swift */,
			);
			path = Models;
			sourceTree = "<group>";
		};
		B6E80EB329B994AD00221E3C /* Favorite */ = {
			isa = PBXGroup;
			children = (
				B6E80EB529B994BE00221E3C /* ViewModel */,
				B6E80EB429B994B900221E3C /* Controller */,
			);
			path = Favorite;
			sourceTree = "<group>";
		};
		B6E80EB429B994B900221E3C /* Controller */ = {
			isa = PBXGroup;
			children = (
				B6E80EB629B994EA00221E3C /* FavoriteViewController.swift */,
			);
			path = Controller;
			sourceTree = "<group>";
		};
		B6E80EB529B994BE00221E3C /* ViewModel */ = {
			isa = PBXGroup;
			children = (
				B6E80EB729B994EA00221E3C /* FavoriteViewModel.swift */,
			);
			path = ViewModel;
			sourceTree = "<group>";
		};
		B6E80EBF29B9B5ED00221E3C /* Managers */ = {
			isa = PBXGroup;
			children = (
				B6E80EC829B9EED300221E3C /* FavoriteGoods */,
			);
			path = Managers;
			sourceTree = "<group>";
		};
		B6E80EC829B9EED300221E3C /* FavoriteGoods */ = {
			isa = PBXGroup;
			children = (
				B6E80EC029B9B5FE00221E3C /* FavoriteGoodsManager.swift */,
				B6E80ECA29B9EEEC00221E3C /* GoodsRealmObject.swift */,
			);
			path = FavoriteGoods;
			sourceTree = "<group>";
		};
		B6E80ECC29B9F78100221E3C /* Network */ = {
			isa = PBXGroup;
			children = (
				B6A699DB29BA1DCA009EB1E2 /* HomeAPI */,
				B6A699E329BABA41009EB1E2 /* ResponseType.swift */,
			);
			path = Network;
			sourceTree = "<group>";
		};
		B6F5C1A229B5AE010002A966 = {
			isa = PBXGroup;
			children = (
				B6F5C1AD29B5AE010002A966 /* TestProject */,
				B6F5C1C429B5AE020002A966 /* TestProjectTests */,
				B6F5C1CE29B5AE020002A966 /* TestProjectUITests */,
				B6F5C1AC29B5AE010002A966 /* Products */,
				B6F5C1FC29B6E18A0002A966 /* Frameworks */,
			);
			sourceTree = "<group>";
		};
		B6F5C1AC29B5AE010002A966 /* Products */ = {
			isa = PBXGroup;
			children = (
				B6F5C1AB29B5AE010002A966 /* TestProject.app */,
				B6F5C1C129B5AE020002A966 /* TestProjectTests.xctest */,
				B6F5C1CB29B5AE020002A966 /* TestProjectUITests.xctest */,
			);
			name = Products;
			sourceTree = "<group>";
		};
		B6F5C1AD29B5AE010002A966 /* TestProject */ = {
			isa = PBXGroup;
			children = (
				B6E80ECC29B9F78100221E3C /* Network */,
				B6E80EBF29B9B5ED00221E3C /* Managers */,
				B6B5D86C29B786C400BD7005 /* Components */,
				B6B5D86429B7834000BD7005 /* Extensions */,
				B6F5C22029B6FF640002A966 /* Commons */,
				B6F5C21A29B6FF2A0002A966 /* Scenes */,
				B6F5C21029B6E40D0002A966 /* Assets */,
				B6F5C1AE29B5AE010002A966 /* AppDelegate.swift */,
				B6F5C1B029B5AE010002A966 /* SceneDelegate.swift */,
				B6F5C1B929B5AE020002A966 /* LaunchScreen.storyboard */,
				B6F5C1BC29B5AE020002A966 /* Info.plist */,
			);
			path = TestProject;
			sourceTree = "<group>";
		};
		B6F5C1C429B5AE020002A966 /* TestProjectTests */ = {
			isa = PBXGroup;
			children = (
				B6F5C1C529B5AE020002A966 /* TestProjectTests.swift */,
			);
			path = TestProjectTests;
			sourceTree = "<group>";
		};
		B6F5C1CE29B5AE020002A966 /* TestProjectUITests */ = {
			isa = PBXGroup;
			children = (
				B6F5C1CF29B5AE020002A966 /* TestProjectUITests.swift */,
				B6F5C1D129B5AE020002A966 /* TestProjectUITestsLaunchTests.swift */,
			);
			path = TestProjectUITests;
			sourceTree = "<group>";
		};
		B6F5C1FC29B6E18A0002A966 /* Frameworks */ = {
			isa = PBXGroup;
			children = (
			);
			name = Frameworks;
			sourceTree = "<group>";
		};
		B6F5C21029B6E40D0002A966 /* Assets */ = {
			isa = PBXGroup;
			children = (
				B6F5C1B729B5AE020002A966 /* Assets.xcassets */,
				B6F5C21129B6E4240002A966 /* Colors.xcassets */,
				B6F5C21529B6E6700002A966 /* Icons.xcassets */,
			);
			path = Assets;
			sourceTree = "<group>";
		};
		B6F5C21A29B6FF2A0002A966 /* Scenes */ = {
			isa = PBXGroup;
			children = (
				B6F5C21B29B6FF3B0002A966 /* MainTab */,
			);
			path = Scenes;
			sourceTree = "<group>";
		};
		B6F5C21B29B6FF3B0002A966 /* MainTab */ = {
			isa = PBXGroup;
			children = (
				B6B5D87F29B891D000BD7005 /* ViewControllers */,
				B6F5C22929B719FB0002A966 /* Models */,
				B6F5C22529B713A50002A966 /* ViewModel */,
				B6F5C22429B7139F0002A966 /* Controller */,
			);
			path = MainTab;
			sourceTree = "<group>";
		};
		B6F5C22029B6FF640002A966 /* Commons */ = {
			isa = PBXGroup;
			children = (
				B6F5C22129B6FF6D0002A966 /* ViewModel.swift */,
			);
			path = Commons;
			sourceTree = "<group>";
		};
		B6F5C22429B7139F0002A966 /* Controller */ = {
			isa = PBXGroup;
			children = (
				B6F5C21C29B6FF550002A966 /* MainTabViewController.swift */,
			);
			path = Controller;
			sourceTree = "<group>";
		};
		B6F5C22529B713A50002A966 /* ViewModel */ = {
			isa = PBXGroup;
			children = (
				B6F5C21D29B6FF550002A966 /* MainTabViewModel.swift */,
			);
			path = ViewModel;
			sourceTree = "<group>";
		};
		B6F5C22929B719FB0002A966 /* Models */ = {
			isa = PBXGroup;
			children = (
				B6F5C22A29B71A0A0002A966 /* TabModel.swift */,
			);
			path = Models;
			sourceTree = "<group>";
		};
/* End PBXGroup section */

/* Begin PBXNativeTarget section */
		B6F5C1AA29B5AE010002A966 /* TestProject */ = {
			isa = PBXNativeTarget;
			buildConfigurationList = B6F5C1D529B5AE020002A966 /* Build configuration list for PBXNativeTarget "TestProject" */;
			buildPhases = (
				B6F5C1A729B5AE010002A966 /* Sources */,
				B6F5C1A829B5AE010002A966 /* Frameworks */,
				B6F5C1A929B5AE010002A966 /* Resources */,
			);
			buildRules = (
			);
			dependencies = (
				B6F5C20029B6E1A50002A966 /* PBXTargetDependency */,
			);
			name = TestProject;
			packageProductDependencies = (
				B6F5C1F129B6DFE80002A966 /* Moya */,
				B6F5C1F429B6DFF90002A966 /* RxSwift */,
				B6F5C1F729B6E00C0002A966 /* SDWebImage */,
				B6F5C1FD29B6E18A0002A966 /* RswiftLibrary */,
				B6F5C20729B6E2F80002A966 /* SnapKit */,
				B6F5C20B29B6E3090002A966 /* Then */,
				B6F5C23B29B75A3C0002A966 /* RxOptional */,
				B6F5C22629B718A00002A966 /* RxCocoa */,
				B6B5D88729B892E700BD7005 /* RxDataSources */,
				B6E80EC429B9B6C100221E3C /* RealmSwift */,
				B6A699D529B9FDB9009EB1E2 /* RxMoya */,
			);
			productName = TestProject;
			productReference = B6F5C1AB29B5AE010002A966 /* TestProject.app */;
			productType = "com.apple.product-type.application";
		};
		B6F5C1C029B5AE020002A966 /* TestProjectTests */ = {
			isa = PBXNativeTarget;
			buildConfigurationList = B6F5C1D829B5AE020002A966 /* Build configuration list for PBXNativeTarget "TestProjectTests" */;
			buildPhases = (
				B6F5C1BD29B5AE020002A966 /* Sources */,
				B6F5C1BE29B5AE020002A966 /* Frameworks */,
				B6F5C1BF29B5AE020002A966 /* Resources */,
			);
			buildRules = (
			);
			dependencies = (
				B6F5C1C329B5AE020002A966 /* PBXTargetDependency */,
			);
			name = TestProjectTests;
			productName = TestProjectTests;
			productReference = B6F5C1C129B5AE020002A966 /* TestProjectTests.xctest */;
			productType = "com.apple.product-type.bundle.unit-test";
		};
		B6F5C1CA29B5AE020002A966 /* TestProjectUITests */ = {
			isa = PBXNativeTarget;
			buildConfigurationList = B6F5C1DB29B5AE020002A966 /* Build configuration list for PBXNativeTarget "TestProjectUITests" */;
			buildPhases = (
				B6F5C1C729B5AE020002A966 /* Sources */,
				B6F5C1C829B5AE020002A966 /* Frameworks */,
				B6F5C1C929B5AE020002A966 /* Resources */,
			);
			buildRules = (
			);
			dependencies = (
				B6F5C1CD29B5AE020002A966 /* PBXTargetDependency */,
			);
			name = TestProjectUITests;
			productName = TestProjectUITests;
			productReference = B6F5C1CB29B5AE020002A966 /* TestProjectUITests.xctest */;
			productType = "com.apple.product-type.bundle.ui-testing";
		};
/* End PBXNativeTarget section */

/* Begin PBXProject section */
		B6F5C1A329B5AE010002A966 /* Project object */ = {
			isa = PBXProject;
			attributes = {
				BuildIndependentTargetsInParallel = 1;
				LastSwiftUpdateCheck = 1420;
				LastUpgradeCheck = 1420;
				TargetAttributes = {
					B6F5C1AA29B5AE010002A966 = {
						CreatedOnToolsVersion = 14.2;
					};
					B6F5C1C029B5AE020002A966 = {
						CreatedOnToolsVersion = 14.2;
						TestTargetID = B6F5C1AA29B5AE010002A966;
					};
					B6F5C1CA29B5AE020002A966 = {
						CreatedOnToolsVersion = 14.2;
						TestTargetID = B6F5C1AA29B5AE010002A966;
					};
				};
			};
			buildConfigurationList = B6F5C1A629B5AE010002A966 /* Build configuration list for PBXProject "TestProject" */;
			compatibilityVersion = "Xcode 14.0";
			developmentRegion = en;
			hasScannedForEncodings = 0;
			knownRegions = (
				en,
				Base,
			);
			mainGroup = B6F5C1A229B5AE010002A966;
			packageReferences = (
				B6F5C1F029B6DFE80002A966 /* XCRemoteSwiftPackageReference "Moya" */,
				B6F5C1F329B6DFF90002A966 /* XCRemoteSwiftPackageReference "RxSwift" */,
				B6F5C1F629B6E00C0002A966 /* XCRemoteSwiftPackageReference "SDWebImage" */,
				B6F5C1F929B6E1480002A966 /* XCRemoteSwiftPackageReference "R.swift" */,
				B6F5C20629B6E2F80002A966 /* XCRemoteSwiftPackageReference "SnapKit" */,
				B6F5C20A29B6E3090002A966 /* XCRemoteSwiftPackageReference "Then" */,
				B6F5C23A29B75A3C0002A966 /* XCRemoteSwiftPackageReference "RxOptional" */,
				B6B5D88629B892E700BD7005 /* XCRemoteSwiftPackageReference "RxDataSources" */,
				B6E80EC329B9B6C100221E3C /* XCRemoteSwiftPackageReference "realm-swift" */,
			);
			productRefGroup = B6F5C1AC29B5AE010002A966 /* Products */;
			projectDirPath = "";
			projectRoot = "";
			targets = (
				B6F5C1AA29B5AE010002A966 /* TestProject */,
				B6F5C1C029B5AE020002A966 /* TestProjectTests */,
				B6F5C1CA29B5AE020002A966 /* TestProjectUITests */,
			);
		};
/* End PBXProject section */

/* Begin PBXResourcesBuildPhase section */
		B6F5C1A929B5AE010002A966 /* Resources */ = {
			isa = PBXResourcesBuildPhase;
			buildActionMask = 2147483647;
			files = (
				B6F5C21229B6E4240002A966 /* Colors.xcassets in Resources */,
				B6F5C1BB29B5AE020002A966 /* LaunchScreen.storyboard in Resources */,
				B6F5C21629B6E6700002A966 /* Icons.xcassets in Resources */,
				B6F5C1B829B5AE020002A966 /* Assets.xcassets in Resources */,
			);
			runOnlyForDeploymentPostprocessing = 0;
		};
		B6F5C1BF29B5AE020002A966 /* Resources */ = {
			isa = PBXResourcesBuildPhase;
			buildActionMask = 2147483647;
			files = (
			);
			runOnlyForDeploymentPostprocessing = 0;
		};
		B6F5C1C929B5AE020002A966 /* Resources */ = {
			isa = PBXResourcesBuildPhase;
			buildActionMask = 2147483647;
			files = (
			);
			runOnlyForDeploymentPostprocessing = 0;
		};
/* End PBXResourcesBuildPhase section */

/* Begin PBXSourcesBuildPhase section */
		B6F5C1A729B5AE010002A966 /* Sources */ = {
			isa = PBXSourcesBuildPhase;
			buildActionMask = 2147483647;
			files = (
				B6E80EB829B994EA00221E3C /* FavoriteViewController.swift in Sources */,
				B6F5C21F29B6FF550002A966 /* MainTabViewModel.swift in Sources */,
				B6B5D89C29B8CE8B00BD7005 /* HomeItem.swift in Sources */,
				B6B5D88F29B894F500BD7005 /* HomeBannerCell.swift in Sources */,
				B6A699E429BABA41009EB1E2 /* ResponseType.swift in Sources */,
				B6B5D89E29B8CEC700BD7005 /* HomeSectionModel.swift in Sources */,
				B6B5D8A029B8CF1900BD7005 /* Goods.swift in Sources */,
				B6E80EBE29B997EE00221E3C /* UICollectionView+Extension.swift in Sources */,
				B6A699DF29BA1DDD009EB1E2 /* HomeResponse.swift in Sources */,
				B6E80ECE29B9F7A400221E3C /* HomeAPI.swift in Sources */,
				B6E80EB929B994EA00221E3C /* FavoriteViewModel.swift in Sources */,
				B6E80EBB29B997E200221E3C /* UICollectionReusableView+Extension.swift in Sources */,
				B6A699E729BABA65009EB1E2 /* MoyaProviderType+Extension.swift in Sources */,
				B6F5C21E29B6FF550002A966 /* MainTabViewController.swift in Sources */,
				B6B5D87829B87A2200BD7005 /* Banner.swift in Sources */,
				B6B5D87329B8050800BD7005 /* BannerViewCell.swift in Sources */,
				B6B5D88D29B893F600BD7005 /* GoodsCellViewModel.swift in Sources */,
				B6B5D88329B891FA00BD7005 /* HomeViewController.swift in Sources */,
				B6B5D88B29B893E800BD7005 /* GoodsCell.swift in Sources */,
				B6B5D87129B7870B00BD7005 /* BannerViewModel.swift in Sources */,
				B6F5C1AF29B5AE010002A966 /* AppDelegate.swift in Sources */,
				B6B5D89129B89BFC00BD7005 /* HomeBannerCellViewModel.swift in Sources */,
				B6E80ECB29B9EEEC00221E3C /* GoodsRealmObject.swift in Sources */,
				B6F5C22229B6FF6D0002A966 /* ViewModel.swift in Sources */,
				B6F5C22B29B71A0A0002A966 /* TabModel.swift in Sources */,
				B6E80EC129B9B5FE00221E3C /* FavoriteGoodsManager.swift in Sources */,
				B6B5D86E29B786F100BD7005 /* BannerView.swift in Sources */,
				B6B5D86829B7839600BD7005 /* UITabBar+Extension.swift in Sources */,
				B6F5C1B129B5AE010002A966 /* SceneDelegate.swift in Sources */,
				B6A699E229BA1DF2009EB1E2 /* GoodsListResponse.swift in Sources */,
				B6B5D88429B891FA00BD7005 /* HomeViewModel.swift in Sources */,
				B6B5D86629B7835600BD7005 /* UINavigationBar+Extension.swift in Sources */,
			);
			runOnlyForDeploymentPostprocessing = 0;
		};
		B6F5C1BD29B5AE020002A966 /* Sources */ = {
			isa = PBXSourcesBuildPhase;
			buildActionMask = 2147483647;
			files = (
				B6F5C1C629B5AE020002A966 /* TestProjectTests.swift in Sources */,
			);
			runOnlyForDeploymentPostprocessing = 0;
		};
		B6F5C1C729B5AE020002A966 /* Sources */ = {
			isa = PBXSourcesBuildPhase;
			buildActionMask = 2147483647;
			files = (
				B6F5C1D229B5AE020002A966 /* TestProjectUITestsLaunchTests.swift in Sources */,
				B6F5C1D029B5AE020002A966 /* TestProjectUITests.swift in Sources */,
			);
			runOnlyForDeploymentPostprocessing = 0;
		};
/* End PBXSourcesBuildPhase section */

/* Begin PBXTargetDependency section */
		B6F5C1C329B5AE020002A966 /* PBXTargetDependency */ = {
			isa = PBXTargetDependency;
			target = B6F5C1AA29B5AE010002A966 /* TestProject */;
			targetProxy = B6F5C1C229B5AE020002A966 /* PBXContainerItemProxy */;
		};
		B6F5C1CD29B5AE020002A966 /* PBXTargetDependency */ = {
			isa = PBXTargetDependency;
			target = B6F5C1AA29B5AE010002A966 /* TestProject */;
			targetProxy = B6F5C1CC29B5AE020002A966 /* PBXContainerItemProxy */;
		};
		B6F5C20029B6E1A50002A966 /* PBXTargetDependency */ = {
			isa = PBXTargetDependency;
			productRef = B6F5C1FF29B6E1A50002A966 /* RswiftGenerateInternalResources */;
		};
/* End PBXTargetDependency section */

/* Begin PBXVariantGroup section */
		B6F5C1B929B5AE020002A966 /* LaunchScreen.storyboard */ = {
			isa = PBXVariantGroup;
			children = (
				B6F5C1BA29B5AE020002A966 /* Base */,
			);
			name = LaunchScreen.storyboard;
			sourceTree = "<group>";
		};
/* End PBXVariantGroup section */

/* Begin XCBuildConfiguration section */
		B6F5C1D329B5AE020002A966 /* Debug */ = {
			isa = XCBuildConfiguration;
			buildSettings = {
				ALWAYS_SEARCH_USER_PATHS = NO;
				CLANG_ANALYZER_NONNULL = YES;
				CLANG_ANALYZER_NUMBER_OBJECT_CONVERSION = YES_AGGRESSIVE;
				CLANG_CXX_LANGUAGE_STANDARD = "gnu++20";
				CLANG_ENABLE_MODULES = YES;
				CLANG_ENABLE_OBJC_ARC = YES;
				CLANG_ENABLE_OBJC_WEAK = YES;
				CLANG_WARN_BLOCK_CAPTURE_AUTORELEASING = YES;
				CLANG_WARN_BOOL_CONVERSION = YES;
				CLANG_WARN_COMMA = YES;
				CLANG_WARN_CONSTANT_CONVERSION = YES;
				CLANG_WARN_DEPRECATED_OBJC_IMPLEMENTATIONS = YES;
				CLANG_WARN_DIRECT_OBJC_ISA_USAGE = YES_ERROR;
				CLANG_WARN_DOCUMENTATION_COMMENTS = YES;
				CLANG_WARN_EMPTY_BODY = YES;
				CLANG_WARN_ENUM_CONVERSION = YES;
				CLANG_WARN_INFINITE_RECURSION = YES;
				CLANG_WARN_INT_CONVERSION = YES;
				CLANG_WARN_NON_LITERAL_NULL_CONVERSION = YES;
				CLANG_WARN_OBJC_IMPLICIT_RETAIN_SELF = YES;
				CLANG_WARN_OBJC_LITERAL_CONVERSION = YES;
				CLANG_WARN_OBJC_ROOT_CLASS = YES_ERROR;
				CLANG_WARN_QUOTED_INCLUDE_IN_FRAMEWORK_HEADER = YES;
				CLANG_WARN_RANGE_LOOP_ANALYSIS = YES;
				CLANG_WARN_STRICT_PROTOTYPES = YES;
				CLANG_WARN_SUSPICIOUS_MOVE = YES;
				CLANG_WARN_UNGUARDED_AVAILABILITY = YES_AGGRESSIVE;
				CLANG_WARN_UNREACHABLE_CODE = YES;
				CLANG_WARN__DUPLICATE_METHOD_MATCH = YES;
				COPY_PHASE_STRIP = NO;
				DEBUG_INFORMATION_FORMAT = dwarf;
				ENABLE_STRICT_OBJC_MSGSEND = YES;
				ENABLE_TESTABILITY = YES;
				GCC_C_LANGUAGE_STANDARD = gnu11;
				GCC_DYNAMIC_NO_PIC = NO;
				GCC_NO_COMMON_BLOCKS = YES;
				GCC_OPTIMIZATION_LEVEL = 0;
				GCC_PREPROCESSOR_DEFINITIONS = (
					"DEBUG=1",
					"$(inherited)",
				);
				GCC_WARN_64_TO_32_BIT_CONVERSION = YES;
				GCC_WARN_ABOUT_RETURN_TYPE = YES_ERROR;
				GCC_WARN_UNDECLARED_SELECTOR = YES;
				GCC_WARN_UNINITIALIZED_AUTOS = YES_AGGRESSIVE;
				GCC_WARN_UNUSED_FUNCTION = YES;
				GCC_WARN_UNUSED_VARIABLE = YES;
				IPHONEOS_DEPLOYMENT_TARGET = 13.0;
				MTL_ENABLE_DEBUG_INFO = INCLUDE_SOURCE;
				MTL_FAST_MATH = YES;
				ONLY_ACTIVE_ARCH = YES;
				SDKROOT = iphoneos;
				SWIFT_ACTIVE_COMPILATION_CONDITIONS = DEBUG;
				SWIFT_OPTIMIZATION_LEVEL = "-Onone";
			};
			name = Debug;
		};
		B6F5C1D429B5AE020002A966 /* Release */ = {
			isa = XCBuildConfiguration;
			buildSettings = {
				ALWAYS_SEARCH_USER_PATHS = NO;
				CLANG_ANALYZER_NONNULL = YES;
				CLANG_ANALYZER_NUMBER_OBJECT_CONVERSION = YES_AGGRESSIVE;
				CLANG_CXX_LANGUAGE_STANDARD = "gnu++20";
				CLANG_ENABLE_MODULES = YES;
				CLANG_ENABLE_OBJC_ARC = YES;
				CLANG_ENABLE_OBJC_WEAK = YES;
				CLANG_WARN_BLOCK_CAPTURE_AUTORELEASING = YES;
				CLANG_WARN_BOOL_CONVERSION = YES;
				CLANG_WARN_COMMA = YES;
				CLANG_WARN_CONSTANT_CONVERSION = YES;
				CLANG_WARN_DEPRECATED_OBJC_IMPLEMENTATIONS = YES;
				CLANG_WARN_DIRECT_OBJC_ISA_USAGE = YES_ERROR;
				CLANG_WARN_DOCUMENTATION_COMMENTS = YES;
				CLANG_WARN_EMPTY_BODY = YES;
				CLANG_WARN_ENUM_CONVERSION = YES;
				CLANG_WARN_INFINITE_RECURSION = YES;
				CLANG_WARN_INT_CONVERSION = YES;
				CLANG_WARN_NON_LITERAL_NULL_CONVERSION = YES;
				CLANG_WARN_OBJC_IMPLICIT_RETAIN_SELF = YES;
				CLANG_WARN_OBJC_LITERAL_CONVERSION = YES;
				CLANG_WARN_OBJC_ROOT_CLASS = YES_ERROR;
				CLANG_WARN_QUOTED_INCLUDE_IN_FRAMEWORK_HEADER = YES;
				CLANG_WARN_RANGE_LOOP_ANALYSIS = YES;
				CLANG_WARN_STRICT_PROTOTYPES = YES;
				CLANG_WARN_SUSPICIOUS_MOVE = YES;
				CLANG_WARN_UNGUARDED_AVAILABILITY = YES_AGGRESSIVE;
				CLANG_WARN_UNREACHABLE_CODE = YES;
				CLANG_WARN__DUPLICATE_METHOD_MATCH = YES;
				COPY_PHASE_STRIP = NO;
				DEBUG_INFORMATION_FORMAT = "dwarf-with-dsym";
				ENABLE_NS_ASSERTIONS = NO;
				ENABLE_STRICT_OBJC_MSGSEND = YES;
				GCC_C_LANGUAGE_STANDARD = gnu11;
				GCC_NO_COMMON_BLOCKS = YES;
				GCC_WARN_64_TO_32_BIT_CONVERSION = YES;
				GCC_WARN_ABOUT_RETURN_TYPE = YES_ERROR;
				GCC_WARN_UNDECLARED_SELECTOR = YES;
				GCC_WARN_UNINITIALIZED_AUTOS = YES_AGGRESSIVE;
				GCC_WARN_UNUSED_FUNCTION = YES;
				GCC_WARN_UNUSED_VARIABLE = YES;
				IPHONEOS_DEPLOYMENT_TARGET = 13.0;
				MTL_ENABLE_DEBUG_INFO = NO;
				MTL_FAST_MATH = YES;
				SDKROOT = iphoneos;
				SWIFT_COMPILATION_MODE = wholemodule;
				SWIFT_OPTIMIZATION_LEVEL = "-O";
				VALIDATE_PRODUCT = YES;
			};
			name = Release;
		};
		B6F5C1D629B5AE020002A966 /* Debug */ = {
			isa = XCBuildConfiguration;
			buildSettings = {
				ASSETCATALOG_COMPILER_APPICON_NAME = AppIcon;
				ASSETCATALOG_COMPILER_GLOBAL_ACCENT_COLOR_NAME = AccentColor;
				CODE_SIGN_STYLE = Automatic;
				CURRENT_PROJECT_VERSION = 1;
				DEVELOPMENT_TEAM = "";
				GENERATE_INFOPLIST_FILE = YES;
				INFOPLIST_FILE = TestProject/Info.plist;
				INFOPLIST_KEY_CFBundleDisplayName = ABLYProject;
				INFOPLIST_KEY_UIApplicationSupportsIndirectInputEvents = YES;
				INFOPLIST_KEY_UILaunchStoryboardName = LaunchScreen.storyboard;
				INFOPLIST_KEY_UISupportedInterfaceOrientations = UIInterfaceOrientationPortrait;
				IPHONEOS_DEPLOYMENT_TARGET = 13.0;
				LD_RUNPATH_SEARCH_PATHS = (
					"$(inherited)",
					"@executable_path/Frameworks",
				);
				MARKETING_VERSION = 1.0;
				PRODUCT_BUNDLE_IDENTIFIER = com.kokonak.TestProject;
				PRODUCT_NAME = "$(TARGET_NAME)";
				SUPPORTED_PLATFORMS = "iphoneos iphonesimulator";
				SUPPORTS_MACCATALYST = NO;
				SUPPORTS_MAC_DESIGNED_FOR_IPHONE_IPAD = NO;
				SWIFT_EMIT_LOC_STRINGS = YES;
				SWIFT_VERSION = 5.0;
				TARGETED_DEVICE_FAMILY = 1;
			};
			name = Debug;
		};
		B6F5C1D729B5AE020002A966 /* Release */ = {
			isa = XCBuildConfiguration;
			buildSettings = {
				ASSETCATALOG_COMPILER_APPICON_NAME = AppIcon;
				ASSETCATALOG_COMPILER_GLOBAL_ACCENT_COLOR_NAME = AccentColor;
				CODE_SIGN_STYLE = Automatic;
				CURRENT_PROJECT_VERSION = 1;
				DEVELOPMENT_TEAM = "";
				GENERATE_INFOPLIST_FILE = YES;
				INFOPLIST_FILE = TestProject/Info.plist;
				INFOPLIST_KEY_CFBundleDisplayName = ABLYProject;
				INFOPLIST_KEY_UIApplicationSupportsIndirectInputEvents = YES;
				INFOPLIST_KEY_UILaunchStoryboardName = LaunchScreen.storyboard;
				INFOPLIST_KEY_UISupportedInterfaceOrientations = UIInterfaceOrientationPortrait;
				IPHONEOS_DEPLOYMENT_TARGET = 13.0;
				LD_RUNPATH_SEARCH_PATHS = (
					"$(inherited)",
					"@executable_path/Frameworks",
				);
				MARKETING_VERSION = 1.0;
				PRODUCT_BUNDLE_IDENTIFIER = com.kokonak.TestProject;
				PRODUCT_NAME = "$(TARGET_NAME)";
				SUPPORTED_PLATFORMS = "iphoneos iphonesimulator";
				SUPPORTS_MACCATALYST = NO;
				SUPPORTS_MAC_DESIGNED_FOR_IPHONE_IPAD = NO;
				SWIFT_EMIT_LOC_STRINGS = YES;
				SWIFT_VERSION = 5.0;
				TARGETED_DEVICE_FAMILY = 1;
			};
			name = Release;
		};
		B6F5C1D929B5AE020002A966 /* Debug */ = {
			isa = XCBuildConfiguration;
			buildSettings = {
				ALWAYS_EMBED_SWIFT_STANDARD_LIBRARIES = YES;
				BUNDLE_LOADER = "$(TEST_HOST)";
				CODE_SIGN_STYLE = Automatic;
				CURRENT_PROJECT_VERSION = 1;
				DEVELOPMENT_TEAM = RTVF4J77W7;
				GENERATE_INFOPLIST_FILE = YES;
				IPHONEOS_DEPLOYMENT_TARGET = 16.2;
				MARKETING_VERSION = 1.0;
				PRODUCT_BUNDLE_IDENTIFIER = com.kokonak.example.TestProjectTests;
				PRODUCT_NAME = "$(TARGET_NAME)";
				SWIFT_EMIT_LOC_STRINGS = NO;
				SWIFT_VERSION = 5.0;
				TARGETED_DEVICE_FAMILY = "1,2";
				TEST_HOST = "$(BUILT_PRODUCTS_DIR)/TestProject.app/$(BUNDLE_EXECUTABLE_FOLDER_PATH)/TestProject";
			};
			name = Debug;
		};
		B6F5C1DA29B5AE020002A966 /* Release */ = {
			isa = XCBuildConfiguration;
			buildSettings = {
				ALWAYS_EMBED_SWIFT_STANDARD_LIBRARIES = YES;
				BUNDLE_LOADER = "$(TEST_HOST)";
				CODE_SIGN_STYLE = Automatic;
				CURRENT_PROJECT_VERSION = 1;
				DEVELOPMENT_TEAM = RTVF4J77W7;
				GENERATE_INFOPLIST_FILE = YES;
				IPHONEOS_DEPLOYMENT_TARGET = 16.2;
				MARKETING_VERSION = 1.0;
				PRODUCT_BUNDLE_IDENTIFIER = com.kokonak.example.TestProjectTests;
				PRODUCT_NAME = "$(TARGET_NAME)";
				SWIFT_EMIT_LOC_STRINGS = NO;
				SWIFT_VERSION = 5.0;
				TARGETED_DEVICE_FAMILY = "1,2";
				TEST_HOST = "$(BUILT_PRODUCTS_DIR)/TestProject.app/$(BUNDLE_EXECUTABLE_FOLDER_PATH)/TestProject";
			};
			name = Release;
		};
		B6F5C1DC29B5AE020002A966 /* Debug */ = {
			isa = XCBuildConfiguration;
			buildSettings = {
				ALWAYS_EMBED_SWIFT_STANDARD_LIBRARIES = YES;
				CODE_SIGN_STYLE = Automatic;
				CURRENT_PROJECT_VERSION = 1;
				DEVELOPMENT_TEAM = RTVF4J77W7;
				GENERATE_INFOPLIST_FILE = YES;
				MARKETING_VERSION = 1.0;
				PRODUCT_BUNDLE_IDENTIFIER = com.kokonak.example.TestProjectUITests;
				PRODUCT_NAME = "$(TARGET_NAME)";
				SWIFT_EMIT_LOC_STRINGS = NO;
				SWIFT_VERSION = 5.0;
				TARGETED_DEVICE_FAMILY = "1,2";
				TEST_TARGET_NAME = TestProject;
			};
			name = Debug;
		};
		B6F5C1DD29B5AE020002A966 /* Release */ = {
			isa = XCBuildConfiguration;
			buildSettings = {
				ALWAYS_EMBED_SWIFT_STANDARD_LIBRARIES = YES;
				CODE_SIGN_STYLE = Automatic;
				CURRENT_PROJECT_VERSION = 1;
				DEVELOPMENT_TEAM = RTVF4J77W7;
				GENERATE_INFOPLIST_FILE = YES;
				MARKETING_VERSION = 1.0;
				PRODUCT_BUNDLE_IDENTIFIER = com.kokonak.example.TestProjectUITests;
				PRODUCT_NAME = "$(TARGET_NAME)";
				SWIFT_EMIT_LOC_STRINGS = NO;
				SWIFT_VERSION = 5.0;
				TARGETED_DEVICE_FAMILY = "1,2";
				TEST_TARGET_NAME = TestProject;
			};
			name = Release;
		};
/* End XCBuildConfiguration section */

/* Begin XCConfigurationList section */
		B6F5C1A629B5AE010002A966 /* Build configuration list for PBXProject "TestProject" */ = {
			isa = XCConfigurationList;
			buildConfigurations = (
				B6F5C1D329B5AE020002A966 /* Debug */,
				B6F5C1D429B5AE020002A966 /* Release */,
			);
			defaultConfigurationIsVisible = 0;
			defaultConfigurationName = Release;
		};
		B6F5C1D529B5AE020002A966 /* Build configuration list for PBXNativeTarget "TestProject" */ = {
			isa = XCConfigurationList;
			buildConfigurations = (
				B6F5C1D629B5AE020002A966 /* Debug */,
				B6F5C1D729B5AE020002A966 /* Release */,
			);
			defaultConfigurationIsVisible = 0;
			defaultConfigurationName = Release;
		};
		B6F5C1D829B5AE020002A966 /* Build configuration list for PBXNativeTarget "TestProjectTests" */ = {
			isa = XCConfigurationList;
			buildConfigurations = (
				B6F5C1D929B5AE020002A966 /* Debug */,
				B6F5C1DA29B5AE020002A966 /* Release */,
			);
			defaultConfigurationIsVisible = 0;
			defaultConfigurationName = Release;
		};
		B6F5C1DB29B5AE020002A966 /* Build configuration list for PBXNativeTarget "TestProjectUITests" */ = {
			isa = XCConfigurationList;
			buildConfigurations = (
				B6F5C1DC29B5AE020002A966 /* Debug */,
				B6F5C1DD29B5AE020002A966 /* Release */,
			);
			defaultConfigurationIsVisible = 0;
			defaultConfigurationName = Release;
		};
/* End XCConfigurationList section */

/* Begin XCRemoteSwiftPackageReference section */
		B6B5D88629B892E700BD7005 /* XCRemoteSwiftPackageReference "RxDataSources" */ = {
			isa = XCRemoteSwiftPackageReference;
			repositoryURL = "https://github.com/RxSwiftCommunity/RxDataSources.git";
			requirement = {
				kind = upToNextMajorVersion;
				minimumVersion = 5.0.0;
			};
		};
		B6E80EC329B9B6C100221E3C /* XCRemoteSwiftPackageReference "realm-swift" */ = {
			isa = XCRemoteSwiftPackageReference;
			repositoryURL = "https://github.com/realm/realm-swift.git";
			requirement = {
				kind = upToNextMajorVersion;
				minimumVersion = 10.0.0;
			};
		};
		B6F5C1F029B6DFE80002A966 /* XCRemoteSwiftPackageReference "Moya" */ = {
			isa = XCRemoteSwiftPackageReference;
			repositoryURL = "https://github.com/Moya/Moya.git";
			requirement = {
				branch = master;
				kind = branch;
			};
		};
		B6F5C1F329B6DFF90002A966 /* XCRemoteSwiftPackageReference "RxSwift" */ = {
			isa = XCRemoteSwiftPackageReference;
			repositoryURL = "https://github.com/ReactiveX/RxSwift";
			requirement = {
				kind = upToNextMajorVersion;
				minimumVersion = 6.0.0;
			};
		};
		B6F5C1F629B6E00C0002A966 /* XCRemoteSwiftPackageReference "SDWebImage" */ = {
			isa = XCRemoteSwiftPackageReference;
			repositoryURL = "https://github.com/SDWebImage/SDWebImage.git";
			requirement = {
				kind = upToNextMajorVersion;
				minimumVersion = 5.0.0;
			};
		};
		B6F5C1F929B6E1480002A966 /* XCRemoteSwiftPackageReference "R.swift" */ = {
			isa = XCRemoteSwiftPackageReference;
			repositoryURL = "https://github.com/mac-cain13/R.swift.git";
			requirement = {
				kind = upToNextMajorVersion;
				minimumVersion = 7.0.0;
			};
		};
		B6F5C20629B6E2F80002A966 /* XCRemoteSwiftPackageReference "SnapKit" */ = {
			isa = XCRemoteSwiftPackageReference;
			repositoryURL = "https://github.com/SnapKit/SnapKit";
			requirement = {
				kind = upToNextMajorVersion;
				minimumVersion = 5.0.0;
			};
		};
		B6F5C20A29B6E3090002A966 /* XCRemoteSwiftPackageReference "Then" */ = {
			isa = XCRemoteSwiftPackageReference;
			repositoryURL = "https://github.com/devxoul/Then";
			requirement = {
				kind = upToNextMajorVersion;
				minimumVersion = 3.0.0;
			};
		};
		B6F5C23A29B75A3C0002A966 /* XCRemoteSwiftPackageReference "RxOptional" */ = {
			isa = XCRemoteSwiftPackageReference;
			repositoryURL = "https://github.com/RxSwiftCommunity/RxOptional";
			requirement = {
				branch = main;
				kind = branch;
			};
		};
/* End XCRemoteSwiftPackageReference section */

/* Begin XCSwiftPackageProductDependency section */
		B6A699D529B9FDB9009EB1E2 /* RxMoya */ = {
			isa = XCSwiftPackageProductDependency;
			package = B6F5C1F029B6DFE80002A966 /* XCRemoteSwiftPackageReference "Moya" */;
			productName = RxMoya;
		};
		B6B5D88729B892E700BD7005 /* RxDataSources */ = {
			isa = XCSwiftPackageProductDependency;
			package = B6B5D88629B892E700BD7005 /* XCRemoteSwiftPackageReference "RxDataSources" */;
			productName = RxDataSources;
		};
		B6E80EC429B9B6C100221E3C /* RealmSwift */ = {
			isa = XCSwiftPackageProductDependency;
			package = B6E80EC329B9B6C100221E3C /* XCRemoteSwiftPackageReference "realm-swift" */;
			productName = RealmSwift;
		};
		B6F5C1F129B6DFE80002A966 /* Moya */ = {
			isa = XCSwiftPackageProductDependency;
			package = B6F5C1F029B6DFE80002A966 /* XCRemoteSwiftPackageReference "Moya" */;
			productName = Moya;
		};
		B6F5C1F429B6DFF90002A966 /* RxSwift */ = {
			isa = XCSwiftPackageProductDependency;
			package = B6F5C1F329B6DFF90002A966 /* XCRemoteSwiftPackageReference "RxSwift" */;
			productName = RxSwift;
		};
		B6F5C1F729B6E00C0002A966 /* SDWebImage */ = {
			isa = XCSwiftPackageProductDependency;
			package = B6F5C1F629B6E00C0002A966 /* XCRemoteSwiftPackageReference "SDWebImage" */;
			productName = SDWebImage;
		};
		B6F5C1FD29B6E18A0002A966 /* RswiftLibrary */ = {
			isa = XCSwiftPackageProductDependency;
			package = B6F5C1F929B6E1480002A966 /* XCRemoteSwiftPackageReference "R.swift" */;
			productName = RswiftLibrary;
		};
		B6F5C1FF29B6E1A50002A966 /* RswiftGenerateInternalResources */ = {
			isa = XCSwiftPackageProductDependency;
			productName = "plugin:RswiftGenerateInternalResources";
		};
		B6F5C20729B6E2F80002A966 /* SnapKit */ = {
			isa = XCSwiftPackageProductDependency;
			package = B6F5C20629B6E2F80002A966 /* XCRemoteSwiftPackageReference "SnapKit" */;
			productName = SnapKit;
		};
		B6F5C20B29B6E3090002A966 /* Then */ = {
			isa = XCSwiftPackageProductDependency;
			package = B6F5C20A29B6E3090002A966 /* XCRemoteSwiftPackageReference "Then" */;
			productName = Then;
		};
		B6F5C22629B718A00002A966 /* RxCocoa */ = {
			isa = XCSwiftPackageProductDependency;
			package = B6F5C1F329B6DFF90002A966 /* XCRemoteSwiftPackageReference "RxSwift" */;
			productName = RxCocoa;
		};
		B6F5C23B29B75A3C0002A966 /* RxOptional */ = {
			isa = XCSwiftPackageProductDependency;
			package = B6F5C23A29B75A3C0002A966 /* XCRemoteSwiftPackageReference "RxOptional" */;
			productName = RxOptional;
		};
/* End XCSwiftPackageProductDependency section */
	};
	rootObject = B6F5C1A329B5AE010002A966 /* Project object */;
}
